
Microsoft Visual Studio Solution File, Format Version 12.00
# Visual Studio Version 17
VisualStudioVersion = 17.14.36930.0 d17.14
MinimumVisualStudioVersion = 10.0.40219.1
Project("{FAE04EC0-301F-11D3-BF4B-00C04F79EFBC}") = "WebApplication1", "WebApplication1\WebApplication1.csproj", "{A3E39C2D-4FBC-4095-89D2-6DCF41273C6B}"
EndProject
Global
	GlobalSection(SolutionConfigurationPlatforms) = preSolution
		Debug|Any CPU = Debug|Any CPU
		Release|Any CPU = Release|Any CPU
	EndGlobalSection
	GlobalSection(ProjectConfigurationPlatforms) = postSolution
		{A3E39C2D-4FBC-4095-89D2-6DCF41273C6B}.Debug|Any CPU.ActiveCfg = Debug|Any CPU
		{A3E39C2D-4FBC-4095-89D2-6DCF41273C6B}.Debug|Any CPU.Build.0 = Debug|Any CPU
		{A3E39C2D-4FBC-4095-89D2-6DCF41273C6B}.Release|Any CPU.ActiveCfg = Release|Any CPU
		{A3E39C2D-4FBC-4095-89D2-6DCF41273C6B}.Release|Any CPU.Build.0 = Release|Any CPU
	EndGlobalSection
	GlobalSection(SolutionProperties) = preSolution
		HideSolutionNode = FALSE
	EndGlobalSection
	GlobalSection(ExtensibilityGlobals) = postSolution
		SolutionGuid = {5F36CEA8-77FC-4C85-93F8-75336F35B4FB}
	EndGlobalSection
EndGlobal
